
Microsoft Visual Studio Solution File, Format Version 12.00
# Visual Studio Version 16
VisualStudioVersion = 16.0.30503.244
MinimumVisualStudioVersion = 10.0.40219.1
Project("{FAE04EC0-301F-11D3-BF4B-00C04F79EFBC}") = "Science_Cal_1", "Science_Cal_1\Science_Cal_1.csproj", "{F7853FBD-5D10-4AB1-9376-AA1AC42C4D6A}"
EndProject
Global
	GlobalSection(SolutionConfigurationPlatforms) = preSolution
		Debug|Any CPU = Debug|Any CPU
		Release|Any CPU = Release|Any CPU
	EndGlobalSection
	GlobalSection(ProjectConfigurationPlatforms) = postSolution
		{F7853FBD-5D10-4AB1-9376-AA1AC42C4D6A}.Debug|Any CPU.ActiveCfg = Debug|Any CPU
		{F7853FBD-5D10-4AB1-9376-AA1AC42C4D6A}.Debug|Any CPU.Build.0 = Debug|Any CPU
		{F7853FBD-5D10-4AB1-9376-AA1AC42C4D6A}.Release|Any CPU.ActiveCfg = Release|Any CPU
		{F7853FBD-5D10-4AB1-9376-AA1AC42C4D6A}.Release|Any CPU.Build.0 = Release|Any CPU
	EndGlobalSection
	GlobalSection(SolutionProperties) = preSolution
		HideSolutionNode = FALSE
	EndGlobalSection
	GlobalSection(ExtensibilityGlobals) = postSolution
		SolutionGuid = {8C77090C-AE61-48A0-842A-ED0E4CF4EEFD}
	EndGlobalSection
EndGlobal
